// !$*UTF8*$!
{
	archiveVersion = 1;
	classes = {
	};
	objectVersion = 46;
	objects = {

/* Begin PBXBuildFile section */
		6EC0D8B619742BC300687FEF /* Foundation.framework in Frameworks */ = {isa = PBXBuildFile; fileRef = 6EC0D8B519742BC300687FEF /* Foundation.framework */; };
		6EC0D8B819742BC300687FEF /* CoreGraphics.framework in Frameworks */ = {isa = PBXBuildFile; fileRef = 6EC0D8B719742BC300687FEF /* CoreGraphics.framework */; };
		6EC0D8BA19742BC300687FEF /* UIKit.framework in Frameworks */ = {isa = PBXBuildFile; fileRef = 6EC0D8B919742BC300687FEF /* UIKit.framework */; };
		6EC0D8C019742BC300687FEF /* InfoPlist.strings in Resources */ = {isa = PBXBuildFile; fileRef = 6EC0D8BE19742BC300687FEF /* InfoPlist.strings */; };
		6EC0D8C219742BC300687FEF /* main.m in Sources */ = {isa = PBXBuildFile; fileRef = 6EC0D8C119742BC300687FEF /* main.m */; };
		6EC0D8C619742BC300687FEF /* IKAppDelegate.m in Sources */ = {isa = PBXBuildFile; fileRef = 6EC0D8C519742BC300687FEF /* IKAppDelegate.m */; };
		6EC0D8C819742BC300687FEF /* Images.xcassets in Resources */ = {isa = PBXBuildFile; fileRef = 6EC0D8C719742BC300687FEF /* Images.xcassets */; };
		6EC0D8CF19742BC300687FEF /* XCTest.framework in Frameworks */ = {isa = PBXBuildFile; fileRef = 6EC0D8CE19742BC300687FEF /* XCTest.framework */; };
		6EC0D8D019742BC300687FEF /* Foundation.framework in Frameworks */ = {isa = PBXBuildFile; fileRef = 6EC0D8B519742BC300687FEF /* Foundation.framework */; };
		6EC0D8D119742BC300687FEF /* UIKit.framework in Frameworks */ = {isa = PBXBuildFile; fileRef = 6EC0D8B919742BC300687FEF /* UIKit.framework */; };
		6EC0D8D919742BC300687FEF /* InfoPlist.strings in Resources */ = {isa = PBXBuildFile; fileRef = 6EC0D8D719742BC300687FEF /* InfoPlist.strings */; };
		6EC0D8DB19742BC300687FEF /* IKFadeButtonExampleTests.m in Sources */ = {isa = PBXBuildFile; fileRef = 6EC0D8DA19742BC300687FEF /* IKFadeButtonExampleTests.m */; };
		6EC0D8E719742BD300687FEF /* IKMainViewController.m in Sources */ = {isa = PBXBuildFile; fileRef = 6EC0D8E519742BD300687FEF /* IKMainViewController.m */; };
		6EC0D8E819742BD300687FEF /* IKMainViewController.xib in Resources */ = {isa = PBXBuildFile; fileRef = 6EC0D8E619742BD300687FEF /* IKMainViewController.xib */; };
		6EC0D8EC19742C4300687FEF /* IKFadeButton.m in Sources */ = {isa = PBXBuildFile; fileRef = 6EC0D8EB19742C4300687FEF /* IKFadeButton.m */; };
/* End PBXBuildFile section */

/* Begin PBXContainerItemProxy section */
		6EC0D8D219742BC300687FEF /* PBXContainerItemProxy */ = {
			isa = PBXContainerItemProxy;
			containerPortal = 6EC0D8AA19742BC300687FEF /* Project object */;
			proxyType = 1;
			remoteGlobalIDString = 6EC0D8B119742BC300687FEF;
			remoteInfo = IKFadeButtonExample;
		};
/* End PBXContainerItemProxy section */

/* Begin PBXFileReference section */
		6EC0D8B219742BC300687FEF /* IKFadeButtonExample.app */ = {isa = PBXFileReference; explicitFileType = wrapper.application; includeInIndex = 0; path = IKFadeButtonExample.app; sourceTree = BUILT_PRODUCTS_DIR; };
		6EC0D8B519742BC300687FEF /* Foundation.framework */ = {isa = PBXFileReference; lastKnownFileType = wrapper.framework; name = Foundation.framework; path = System/Library/Frameworks/Foundation.framework; sourceTree = SDKROOT; };
		6EC0D8B719742BC300687FEF /* CoreGraphics.framework */ = {isa = PBXFileReference; lastKnownFileType = wrapper.framework; name = CoreGraphics.framework; path = System/Library/Frameworks/CoreGraphics.framework; sourceTree = SDKROOT; };
		6EC0D8B919742BC300687FEF /* UIKit.framework */ = {isa = PBXFileReference; lastKnownFileType = wrapper.framework; name = UIKit.framework; path = System/Library/Frameworks/UIKit.framework; sourceTree = SDKROOT; };
		6EC0D8BD19742BC300687FEF /* IKFadeButtonExample-Info.plist */ = {isa = PBXFileReference; lastKnownFileType = text.plist.xml; path = "IKFadeButtonExample-Info.plist"; sourceTree = "<group>"; };
		6EC0D8BF19742BC300687FEF /* en */ = {isa = PBXFileReference; lastKnownFileType = text.plist.strings; name = en; path = en.lproj/InfoPlist.strings; sourceTree = "<group>"; };
		6EC0D8C119742BC300687FEF /* main.m */ = {isa = PBXFileReference; lastKnownFileType = sourcecode.c.objc; path = main.m; sourceTree = "<group>"; };
		6EC0D8C319742BC300687FEF /* IKFadeButtonExample-Prefix.pch */ = {isa = PBXFileReference; lastKnownFileType = sourcecode.c.h; path = "IKFadeButtonExample-Prefix.pch"; sourceTree = "<group>"; };
		6EC0D8C419742BC300687FEF /* IKAppDelegate.h */ = {isa = PBXFileReference; lastKnownFileType = sourcecode.c.h; path = IKAppDelegate.h; sourceTree = "<group>"; };
		6EC0D8C519742BC300687FEF /* IKAppDelegate.m */ = {isa = PBXFileReference; lastKnownFileType = sourcecode.c.objc; path = IKAppDelegate.m; sourceTree = "<group>"; };
		6EC0D8C719742BC300687FEF /* Images.xcassets */ = {isa = PBXFileReference; lastKnownFileType = folder.assetcatalog; path = Images.xcassets; sourceTree = "<group>"; };
		6EC0D8CD19742BC300687FEF /* IKFadeButtonExampleTests.xctest */ = {isa = PBXFileReference; explicitFileType = wrapper.cfbundle; includeInIndex = 0; path = IKFadeButtonExampleTests.xctest; sourceTree = BUILT_PRODUCTS_DIR; };
		6EC0D8CE19742BC300687FEF /* XCTest.framework */ = {isa = PBXFileReference; lastKnownFileType = wrapper.framework; name = XCTest.framework; path = Library/Frameworks/XCTest.framework; sourceTree = DEVELOPER_DIR; };
		6EC0D8D619742BC300687FEF /* IKFadeButtonExampleTests-Info.plist */ = {isa = PBXFileReference; lastKnownFileType = text.plist.xml; path = "IKFadeButtonExampleTests-Info.plist"; sourceTree = "<group>"; };
		6EC0D8D819742BC300687FEF /* en */ = {isa = PBXFileReference; lastKnownFileType = text.plist.strings; name = en; path = en.lproj/InfoPlist.strings; sourceTree = "<group>"; };
		6EC0D8DA19742BC300687FEF /* IKFadeButtonExampleTests.m */ = {isa = PBXFileReference; lastKnownFileType = sourcecode.c.objc; path = IKFadeButtonExampleTests.m; sourceTree = "<group>"; };
		6EC0D8E419742BD300687FEF /* IKMainViewController.h */ = {isa = PBXFileReference; fileEncoding = 4; lastKnownFileType = sourcecode.c.h; path = IKMainViewController.h; sourceTree = "<group>"; };
		6EC0D8E519742BD300687FEF /* IKMainViewController.m */ = {isa = PBXFileReference; fileEncoding = 4; lastKnownFileType = sourcecode.c.objc; path = IKMainViewController.m; sourceTree = "<group>"; };
		6EC0D8E619742BD300687FEF /* IKMainViewController.xib */ = {isa = PBXFileReference; fileEncoding = 4; lastKnownFileType = file.xib; path = IKMainViewController.xib; sourceTree = "<group>"; };
		6EC0D8EA19742C4300687FEF /* IKFadeButton.h */ = {isa = PBXFileReference; fileEncoding = 4; lastKnownFileType = sourcecode.c.h; name = IKFadeButton.h; path = ../../IKFadeButton/IKFadeButton.h; sourceTree = "<group>"; };
		6EC0D8EB19742C4300687FEF /* IKFadeButton.m */ = {isa = PBXFileReference; fileEncoding = 4; lastKnownFileType = sourcecode.c.objc; name = IKFadeButton.m; path = ../../IKFadeButton/IKFadeButton.m; sourceTree = "<group>"; };
/* End PBXFileReference section */

/* Begin PBXFrameworksBuildPhase section */
		6EC0D8AF19742BC300687FEF /* Frameworks */ = {
			isa = PBXFrameworksBuildPhase;
			buildActionMask = 2147483647;
			files = (
				6EC0D8B819742BC300687FEF /* CoreGraphics.framework in Frameworks */,
				6EC0D8BA19742BC300687FEF /* UIKit.framework in Frameworks */,
				6EC0D8B619742BC300687FEF /* Foundation.framework in Frameworks */,
			);
			runOnlyForDeploymentPostprocessing = 0;
		};
		6EC0D8CA19742BC300687FEF /* Frameworks */ = {
			isa = PBXFrameworksBuildPhase;
			buildActionMask = 2147483647;
			files = (
				6EC0D8CF19742BC300687FEF /* XCTest.framework in Frameworks */,
				6EC0D8D119742BC300687FEF /* UIKit.framework in Frameworks */,
				6EC0D8D019742BC300687FEF /* Foundation.framework in Frameworks */,
			);
			runOnlyForDeploymentPostprocessing = 0;
		};
/* End PBXFrameworksBuildPhase section */

/* Begin PBXGroup section */
		6EC0D8A919742BC300687FEF = {
			isa = PBXGroup;
			children = (
				6EC0D8BB19742BC300687FEF /* IKFadeButtonExample */,
				6EC0D8D419742BC300687FEF /* IKFadeButtonExampleTests */,
				6EC0D8B419742BC300687FEF /* Frameworks */,
				6EC0D8B319742BC300687FEF /* Products */,
			);
			sourceTree = "<group>";
		};
		6EC0D8B319742BC300687FEF /* Products */ = {
			isa = PBXGroup;
			children = (
				6EC0D8B219742BC300687FEF /* IKFadeButtonExample.app */,
				6EC0D8CD19742BC300687FEF /* IKFadeButtonExampleTests.xctest */,
			);
			name = Products;
			sourceTree = "<group>";
		};
		6EC0D8B419742BC300687FEF /* Frameworks */ = {
			isa = PBXGroup;
			children = (
				6EC0D8B519742BC300687FEF /* Foundation.framework */,
				6EC0D8B719742BC300687FEF /* CoreGraphics.framework */,
				6EC0D8B919742BC300687FEF /* UIKit.framework */,
				6EC0D8CE19742BC300687FEF /* XCTest.framework */,
			);
			name = Frameworks;
			sourceTree = "<group>";
		};
		6EC0D8BB19742BC300687FEF /* IKFadeButtonExample */ = {
			isa = PBXGroup;
			children = (
				6EC0D8C419742BC300687FEF /* IKAppDelegate.h */,
				6EC0D8C519742BC300687FEF /* IKAppDelegate.m */,
				6EC0D8C719742BC300687FEF /* Images.xcassets */,
				6EC0D8BC19742BC300687FEF /* Supporting Files */,
				6EC0D8E419742BD300687FEF /* IKMainViewController.h */,
				6EC0D8E519742BD300687FEF /* IKMainViewController.m */,
				6EC0D8E619742BD300687FEF /* IKMainViewController.xib */,
				6EC0D8E919742C3700687FEF /* IKFadeButton */,
			);
			path = IKFadeButtonExample;
			sourceTree = "<group>";
		};
		6EC0D8BC19742BC300687FEF /* Supporting Files */ = {
			isa = PBXGroup;
			children = (
				6EC0D8BD19742BC300687FEF /* IKFadeButtonExample-Info.plist */,
				6EC0D8BE19742BC300687FEF /* InfoPlist.strings */,
				6EC0D8C119742BC300687FEF /* main.m */,
				6EC0D8C319742BC300687FEF /* IKFadeButtonExample-Prefix.pch */,
			);
			name = "Supporting Files";
			sourceTree = "<group>";
		};
		6EC0D8D419742BC300687FEF /* IKFadeButtonExampleTests */ = {
			isa = PBXGroup;
			children = (
				6EC0D8DA19742BC300687FEF /* IKFadeButtonExampleTests.m */,
				6EC0D8D519742BC300687FEF /* Supporting Files */,
			);
			path = IKFadeButtonExampleTests;
			sourceTree = "<group>";
		};
		6EC0D8D519742BC300687FEF /* Supporting Files */ = {
			isa = PBXGroup;
			children = (
				6EC0D8D619742BC300687FEF /* IKFadeButtonExampleTests-Info.plist */,
				6EC0D8D719742BC300687FEF /* InfoPlist.strings */,
			);
			name = "Supporting Files";
			sourceTree = "<group>";
		};
		6EC0D8E919742C3700687FEF /* IKFadeButton */ = {
			isa = PBXGroup;
			children = (
				6EC0D8EA19742C4300687FEF /* IKFadeButton.h */,
				6EC0D8EB19742C4300687FEF /* IKFadeButton.m */,
			);
			name = IKFadeButton;
			sourceTree = "<group>";
		};
/* End PBXGroup section */

/* Begin PBXNativeTarget section */
		6EC0D8B119742BC300687FEF /* IKFadeButtonExample */ = {
			isa = PBXNativeTarget;
			buildConfigurationList = 6EC0D8DE19742BC300687FEF /* Build configuration list for PBXNativeTarget "IKFadeButtonExample" */;
			buildPhases = (
				6EC0D8AE19742BC300687FEF /* Sources */,
				6EC0D8AF19742BC300687FEF /* Frameworks */,
				6EC0D8B019742BC300687FEF /* Resources */,
			);
			buildRules = (
			);
			dependencies = (
			);
			name = IKFadeButtonExample;
			productName = IKFadeButtonExample;
			productReference = 6EC0D8B219742BC300687FEF /* IKFadeButtonExample.app */;
			productType = "com.apple.product-type.application";
		};
		6EC0D8CC19742BC300687FEF /* IKFadeButtonExampleTests */ = {
			isa = PBXNativeTarget;
			buildConfigurationList = 6EC0D8E119742BC300687FEF /* Build configuration list for PBXNativeTarget "IKFadeButtonExampleTests" */;
			buildPhases = (
				6EC0D8C919742BC300687FEF /* Sources */,
				6EC0D8CA19742BC300687FEF /* Frameworks */,
				6EC0D8CB19742BC300687FEF /* Resources */,
			);
			buildRules = (
			);
			dependencies = (
				6EC0D8D319742BC300687FEF /* PBXTargetDependency */,
			);
			name = IKFadeButtonExampleTests;
			productName = IKFadeButtonExampleTests;
			productReference = 6EC0D8CD19742BC300687FEF /* IKFadeButtonExampleTests.xctest */;
			productType = "com.apple.product-type.bundle.unit-test";
		};
/* End PBXNativeTarget section */

/* Begin PBXProject section */
		6EC0D8AA19742BC300687FEF /* Project object */ = {
			isa = PBXProject;
			attributes = {
				CLASSPREFIX = IK;
				LastUpgradeCheck = 0510;
				ORGANIZATIONNAME = Inaka;
				TargetAttributes = {
					6EC0D8CC19742BC300687FEF = {
						TestTargetID = 6EC0D8B119742BC300687FEF;
					};
				};
			};
			buildConfigurationList = 6EC0D8AD19742BC300687FEF /* Build configuration list for PBXProject "IKFadeButtonExample" */;
			compatibilityVersion = "Xcode 3.2";
			developmentRegion = English;
			hasScannedForEncodings = 0;
			knownRegions = (
				en,
			);
			mainGroup = 6EC0D8A919742BC300687FEF;
			productRefGroup = 6EC0D8B319742BC300687FEF /* Products */;
			projectDirPath = "";
			projectRoot = "";
			targets = (
				6EC0D8B119742BC300687FEF /* IKFadeButtonExample */,
				6EC0D8CC19742BC300687FEF /* IKFadeButtonExampleTests */,
			);
		};
/* End PBXProject section */

/* Begin PBXResourcesBuildPhase section */
		6EC0D8B019742BC300687FEF /* Resources */ = {
			isa = PBXResourcesBuildPhase;
			buildActionMask = 2147483647;
			files = (
				6EC0D8C019742BC300687FEF /* InfoPlist.strings in Resources */,
				6EC0D8C819742BC300687FEF /* Images.xcassets in Resources */,
				6EC0D8E819742BD300687FEF /* IKMainViewController.xib in Resources */,
			);
			runOnlyForDeploymentPostprocessing = 0;
		};
		6EC0D8CB19742BC300687FEF /* Resources */ = {
			isa = PBXResourcesBuildPhase;
			buildActionMask = 2147483647;
			files = (
				6EC0D8D919742BC300687FEF /* InfoPlist.strings in Resources */,
			);
			runOnlyForDeploymentPostprocessing = 0;
		};
/* End PBXResourcesBuildPhase section */

/* Begin PBXSourcesBuildPhase section */
		6EC0D8AE19742BC300687FEF /* Sources */ = {
			isa = PBXSourcesBuildPhase;
			buildActionMask = 2147483647;
			files = (
				6EC0D8E719742BD300687FEF /* IKMainViewController.m in Sources */,
				6EC0D8EC19742C4300687FEF /* IKFadeButton.m in Sources */,
				6EC0D8C619742BC300687FEF /* IKAppDelegate.m in Sources */,
				6EC0D8C219742BC300687FEF /* main.m in Sources */,
			);
			runOnlyForDeploymentPostprocessing = 0;
		};
		6EC0D8C919742BC300687FEF /* Sources */ = {
			isa = PBXSourcesBuildPhase;
			buildActionMask = 2147483647;
			files = (
				6EC0D8DB19742BC300687FEF /* IKFadeButtonExampleTests.m in Sources */,
			);
			runOnlyForDeploymentPostprocessing = 0;
		};
/* End PBXSourcesBuildPhase section */

/* Begin PBXTargetDependency section */
		6EC0D8D319742BC300687FEF /* PBXTargetDependency */ = {
			isa = PBXTargetDependency;
			target = 6EC0D8B119742BC300687FEF /* IKFadeButtonExample */;
			targetProxy = 6EC0D8D219742BC300687FEF /* PBXContainerItemProxy */;
		};
/* End PBXTargetDependency section */

/* Begin PBXVariantGroup section */
		6EC0D8BE19742BC300687FEF /* InfoPlist.strings */ = {
			isa = PBXVariantGroup;
			children = (
				6EC0D8BF19742BC300687FEF /* en */,
			);
			name = InfoPlist.strings;
			sourceTree = "<group>";
		};
		6EC0D8D719742BC300687FEF /* InfoPlist.strings */ = {
			isa = PBXVariantGroup;
			children = (
				6EC0D8D819742BC300687FEF /* en */,
			);
			name = InfoPlist.strings;
			sourceTree = "<group>";
		};
/* End PBXVariantGroup section */

/* Begin XCBuildConfiguration section */
		6EC0D8DC19742BC300687FEF /* Debug */ = {
			isa = XCBuildConfiguration;
			buildSettings = {
				ALWAYS_SEARCH_USER_PATHS = NO;
				CLANG_CXX_LANGUAGE_STANDARD = "gnu++0x";
				CLANG_CXX_LIBRARY = "libc++";
				CLANG_ENABLE_MODULES = YES;
				CLANG_ENABLE_OBJC_ARC = YES;
				CLANG_WARN_BOOL_CONVERSION = YES;
				CLANG_WARN_CONSTANT_CONVERSION = YES;
				CLANG_WARN_DIRECT_OBJC_ISA_USAGE = YES_ERROR;
				CLANG_WARN_EMPTY_BODY = YES;
				CLANG_WARN_ENUM_CONVERSION = YES;
				CLANG_WARN_INT_CONVERSION = YES;
				CLANG_WARN_OBJC_ROOT_CLASS = YES_ERROR;
				CLANG_WARN__DUPLICATE_METHOD_MATCH = YES;
				"CODE_SIGN_IDENTITY[sdk=iphoneos*]" = "iPhone Developer";
				COPY_PHASE_STRIP = NO;
				GCC_C_LANGUAGE_STANDARD = gnu99;
				GCC_DYNAMIC_NO_PIC = NO;
				GCC_OPTIMIZATION_LEVEL = 0;
				GCC_PREPROCESSOR_DEFINITIONS = (
					"DEBUG=1",
					"$(inherited)",
				);
				GCC_SYMBOLS_PRIVATE_EXTERN = NO;
				GCC_WARN_64_TO_32_BIT_CONVERSION = YES;
				GCC_WARN_ABOUT_RETURN_TYPE = YES_ERROR;
				GCC_WARN_UNDECLARED_SELECTOR = YES;
				GCC_WARN_UNINITIALIZED_AUTOS = YES_AGGRESSIVE;
				GCC_WARN_UNUSED_FUNCTION = YES;
				GCC_WARN_UNUSED_VARIABLE = YES;
				IPHONEOS_DEPLOYMENT_TARGET = 7.1;
				ONLY_ACTIVE_ARCH = YES;
				SDKROOT = iphoneos;
				TARGETED_DEVICE_FAMILY = "1,2";
			};
			name = Debug;
		};
		6EC0D8DD19742BC300687FEF /* Release */ = {
			isa = XCBuildConfiguration;
			buildSettings = {
				ALWAYS_SEARCH_USER_PATHS = NO;
				CLANG_CXX_LANGUAGE_STANDARD = "gnu++0x";
				CLANG_CXX_LIBRARY = "libc++";
				CLANG_ENABLE_MODULES = YES;
				CLANG_ENABLE_OBJC_ARC = YES;
				CLANG_WARN_BOOL_CONVERSION = YES;
				CLANG_WARN_CONSTANT_CONVERSION = YES;
				CLANG_WARN_DIRECT_OBJC_ISA_USAGE = YES_ERROR;
				CLANG_WARN_EMPTY_BODY = YES;
				CLANG_WARN_ENUM_CONVERSION = YES;
				CLANG_WARN_INT_CONVERSION = YES;
				CLANG_WARN_OBJC_ROOT_CLASS = YES_ERROR;
				CLANG_WARN__DUPLICATE_METHOD_MATCH = YES;
				"CODE_SIGN_IDENTITY[sdk=iphoneos*]" = "iPhone Developer";
				COPY_PHASE_STRIP = YES;
				ENABLE_NS_ASSERTIONS = NO;
				GCC_C_LANGUAGE_STANDARD = gnu99;
				GCC_WARN_64_TO_32_BIT_CONVERSION = YES;
				GCC_WARN_ABOUT_RETURN_TYPE = YES_ERROR;
				GCC_WARN_UNDECLARED_SELECTOR = YES;
				GCC_WARN_UNINITIALIZED_AUTOS = YES_AGGRESSIVE;
				GCC_WARN_UNUSED_FUNCTION = YES;
				GCC_WARN_UNUSED_VARIABLE = YES;
				IPHONEOS_DEPLOYMENT_TARGET = 7.1;
				SDKROOT = iphoneos;
				TARGETED_DEVICE_FAMILY = "1,2";
				VALIDATE_PRODUCT = YES;
			};
			name = Release;
		};
		6EC0D8DF19742BC300687FEF /* Debug */ = {
			isa = XCBuildConfiguration;
			buildSettings = {
				ASSETCATALOG_COMPILER_APPICON_NAME = AppIcon;
				ASSETCATALOG_COMPILER_LAUNCHIMAGE_NAME = LaunchImage;
				GCC_PRECOMPILE_PREFIX_HEADER = YES;
				GCC_PREFIX_HEADER = "IKFadeButtonExample/IKFadeButtonExample-Prefix.pch";
				INFOPLIST_FILE = "IKFadeButtonExample/IKFadeButtonExample-Info.plist";
				PRODUCT_NAME = "$(TARGET_NAME)";
				WRAPPER_EXTENSION = app;
			};
			name = Debug;
		};
		6EC0D8E019742BC300687FEF /* Release */ = {
			isa = XCBuildConfiguration;
			buildSettings = {
				ASSETCATALOG_COMPILER_APPICON_NAME = AppIcon;
				ASSETCATALOG_COMPILER_LAUNCHIMAGE_NAME = LaunchImage;
				GCC_PRECOMPILE_PREFIX_HEADER = YES;
				GCC_PREFIX_HEADER = "IKFadeButtonExample/IKFadeButtonExample-Prefix.pch";
				INFOPLIST_FILE = "IKFadeButtonExample/IKFadeButtonExample-Info.plist";
				PRODUCT_NAME = "$(TARGET_NAME)";
				WRAPPER_EXTENSION = app;
			};
			name = Release;
		};
		6EC0D8E219742BC300687FEF /* Debug */ = {
			isa = XCBuildConfiguration;
			buildSettings = {
				BUNDLE_LOADER = "$(BUILT_PRODUCTS_DIR)/IKFadeButtonExample.app/IKFadeButtonExample";
				FRAMEWORK_SEARCH_PATHS = (
					"$(SDKROOT)/Developer/Library/Frameworks",
					"$(inherited)",
					"$(DEVELOPER_FRAMEWORKS_DIR)",
				);
				GCC_PRECOMPILE_PREFIX_HEADER = YES;
				GCC_PREFIX_HEADER = "IKFadeButtonExample/IKFadeButtonExample-Prefix.pch";
				GCC_PREPROCESSOR_DEFINITIONS = (
					"DEBUG=1",
					"$(inherited)",
				);
				INFOPLIST_FILE = "IKFadeButtonExampleTests/IKFadeButtonExampleTests-Info.plist";
				PRODUCT_NAME = "$(TARGET_NAME)";
				TEST_HOST = "$(BUNDLE_LOADER)";
				WRAPPER_EXTENSION = xctest;
			};
			name = Debug;
		};
		6EC0D8E319742BC300687FEF /* Release */ = {
			isa = XCBuildConfiguration;
			buildSettings = {
				BUNDLE_LOADER = "$(BUILT_PRODUCTS_DIR)/IKFadeButtonExample.app/IKFadeButtonExample";
				FRAMEWORK_SEARCH_PATHS = (
					"$(SDKROOT)/Developer/Library/Frameworks",
					"$(inherited)",
					"$(DEVELOPER_FRAMEWORKS_DIR)",
				);
				GCC_PRECOMPILE_PREFIX_HEADER = YES;
				GCC_PREFIX_HEADER = "IKFadeButtonExample/IKFadeButtonExample-Prefix.pch";
				INFOPLIST_FILE = "IKFadeButtonExampleTests/IKFadeButtonExampleTests-Info.plist";
				PRODUCT_NAME = "$(TARGET_NAME)";
				TEST_HOST = "$(BUNDLE_LOADER)";
				WRAPPER_EXTENSION = xctest;
			};
			name = Release;
		};
/* End XCBuildConfiguration section */

/* Begin XCConfigurationList section */
		6EC0D8AD19742BC300687FEF /* Build configuration list for PBXProject "IKFadeButtonExample" */ = {
			isa = XCConfigurationList;
			buildConfigurations = (
				6EC0D8DC19742BC300687FEF /* Debug */,
				6EC0D8DD19742BC300687FEF /* Release */,
			);
			defaultConfigurationIsVisible = 0;
			defaultConfigurationName = Release;
		};
		6EC0D8DE19742BC300687FEF /* Build configuration list for PBXNativeTarget "IKFadeButtonExample" */ = {
			isa = XCConfigurationList;
			buildConfigurations = (
				6EC0D8DF19742BC300687FEF /* Debug */,
				6EC0D8E019742BC300687FEF /* Release */,
			);
			defaultConfigurationIsVisible = 0;
		};
		6EC0D8E119742BC300687FEF /* Build configuration list for PBXNativeTarget "IKFadeButtonExampleTests" */ = {
			isa = XCConfigurationList;
			buildConfigurations = (
				6EC0D8E219742BC300687FEF /* Debug */,
				6EC0D8E319742BC300687FEF /* Release */,
			);
			defaultConfigurationIsVisible = 0;
		};
/* End XCConfigurationList section */
	};
	rootObject = 6EC0D8AA19742BC300687FEF /* Project object */;
}
